// !$*UTF8*$!
{
	archiveVersion = 1;
	classes = {
	};
	objectVersion = 50;
	objects = {

/* Begin PBXBuildFile section */
		2B09931523080DB300344A93 /* main.cpp in Sources */ = {isa = PBXBuildFile; fileRef = 2B09931423080DB300344A93 /* main.cpp */; };
		2B09931F23080F2200344A93 /* ini.c in Sources */ = {isa = PBXBuildFile; fileRef = 2B09931D23080F2200344A93 /* ini.c */; };
		2B09932223080F2800344A93 /* INIReader.cpp in Sources */ = {isa = PBXBuildFile; fileRef = 2B09932023080F2800344A93 /* INIReader.cpp */; };
		2B09932523080F6400344A93 /* Colors.cpp in Sources */ = {isa = PBXBuildFile; fileRef = 2B09932323080F6400344A93 /* Colors.cpp */; };
		2B09932C2309600400344A93 /* BuildEvents.cpp in Sources */ = {isa = PBXBuildFile; fileRef = 2B09932B2309600400344A93 /* BuildEvents.cpp */; };
		2B6FBE06230B0D8100095E82 /* Analysis.cpp in Sources */ = {isa = PBXBuildFile; fileRef = 2B6FBE05230B0D8100095E82 /* Analysis.cpp */; };
		2B6FBE09230B280400095E82 /* Utils.cpp in Sources */ = {isa = PBXBuildFile; fileRef = 2B6FBE07230B280400095E82 /* Utils.cpp */; };
/* End PBXBuildFile section */

/* Begin PBXCopyFilesBuildPhase section */
		2B09930723080C5700344A93 /* CopyFiles */ = {
			isa = PBXCopyFilesBuildPhase;
			buildActionMask = 2147483647;
			dstPath = /usr/share/man/man1/;
			dstSubfolderSpec = 0;
			files = (
			);
			runOnlyForDeploymentPostprocessing = 1;
		};
/* End PBXCopyFilesBuildPhase section */

/* Begin PBXFileReference section */
		2B09930923080C5700344A93 /* ClangBuildAnalyzer */ = {isa = PBXFileReference; explicitFileType = "compiled.mach-o.executable"; includeInIndex = 0; path = ClangBuildAnalyzer; sourceTree = BUILT_PRODUCTS_DIR; };
		2B09931423080DB300344A93 /* main.cpp */ = {isa = PBXFileReference; fileEncoding = 4; lastKnownFileType = sourcecode.cpp.cpp; path = main.cpp; sourceTree = "<group>"; };
		2B09931B23080F0900344A93 /* sokol_time.h */ = {isa = PBXFileReference; fileEncoding = 4; lastKnownFileType = sourcecode.c.h; path = sokol_time.h; sourceTree = "<group>"; };
		2B09931D23080F2200344A93 /* ini.c */ = {isa = PBXFileReference; fileEncoding = 4; lastKnownFileType = sourcecode.c.c; path = ini.c; sourceTree = "<group>"; };
		2B09931E23080F2200344A93 /* ini.h */ = {isa = PBXFileReference; fileEncoding = 4; lastKnownFileType = sourcecode.c.h; path = ini.h; sourceTree = "<group>"; };
		2B09932023080F2800344A93 /* INIReader.cpp */ = {isa = PBXFileReference; fileEncoding = 4; lastKnownFileType = sourcecode.cpp.cpp; name = INIReader.cpp; path = cpp/INIReader.cpp; sourceTree = "<group>"; };
		2B09932123080F2800344A93 /* INIReader.h */ = {isa = PBXFileReference; fileEncoding = 4; lastKnownFileType = sourcecode.c.h; name = INIReader.h; path = cpp/INIReader.h; sourceTree = "<group>"; };
		2B09932323080F6400344A93 /* Colors.cpp */ = {isa = PBXFileReference; fileEncoding = 4; lastKnownFileType = sourcecode.cpp.cpp; path = Colors.cpp; sourceTree = "<group>"; };
		2B09932423080F6400344A93 /* Colors.h */ = {isa = PBXFileReference; fileEncoding = 4; lastKnownFileType = sourcecode.c.h; path = Colors.h; sourceTree = "<group>"; };
		2B0993262308259400344A93 /* cute_files.h */ = {isa = PBXFileReference; fileEncoding = 4; lastKnownFileType = sourcecode.c.h; path = cute_files.h; sourceTree = "<group>"; };
		2B09932A2309600400344A93 /* BuildEvents.h */ = {isa = PBXFileReference; fileEncoding = 4; lastKnownFileType = sourcecode.c.h; path = BuildEvents.h; sourceTree = "<group>"; };
		2B09932B2309600400344A93 /* BuildEvents.cpp */ = {isa = PBXFileReference; fileEncoding = 4; lastKnownFileType = sourcecode.cpp.cpp; path = BuildEvents.cpp; sourceTree = "<group>"; };
		2B09932D2309664800344A93 /* json.hpp */ = {isa = PBXFileReference; fileEncoding = 4; lastKnownFileType = sourcecode.cpp.h; path = json.hpp; sourceTree = "<group>"; };
		2B6FBE04230B0D8100095E82 /* Analysis.h */ = {isa = PBXFileReference; fileEncoding = 4; lastKnownFileType = sourcecode.c.h; path = Analysis.h; sourceTree = "<group>"; };
		2B6FBE05230B0D8100095E82 /* Analysis.cpp */ = {isa = PBXFileReference; fileEncoding = 4; lastKnownFileType = sourcecode.cpp.cpp; path = Analysis.cpp; sourceTree = "<group>"; };
		2B6FBE07230B280400095E82 /* Utils.cpp */ = {isa = PBXFileReference; fileEncoding = 4; lastKnownFileType = sourcecode.cpp.cpp; path = Utils.cpp; sourceTree = "<group>"; };
		2B6FBE08230B280400095E82 /* Utils.h */ = {isa = PBXFileReference; fileEncoding = 4; lastKnownFileType = sourcecode.c.h; path = Utils.h; sourceTree = "<group>"; };
/* End PBXFileReference section */

/* Begin PBXFrameworksBuildPhase section */
		2B09930623080C5700344A93 /* Frameworks */ = {
			isa = PBXFrameworksBuildPhase;
			buildActionMask = 2147483647;
			files = (
			);
			runOnlyForDeploymentPostprocessing = 0;
		};
/* End PBXFrameworksBuildPhase section */

/* Begin PBXGroup section */
		2B09930023080C5700344A93 = {
			isa = PBXGroup;
			children = (
				2B09931323080D9500344A93 /* src */,
				2B09930A23080C5700344A93 /* Products */,
			);
			sourceTree = "<group>";
		};
		2B09930A23080C5700344A93 /* Products */ = {
			isa = PBXGroup;
			children = (
				2B09930923080C5700344A93 /* ClangBuildAnalyzer */,
			);
			name = Products;
			sourceTree = "<group>";
		};
		2B09931323080D9500344A93 /* src */ = {
			isa = PBXGroup;
			children = (
				2B09931A23080EF500344A93 /* external */,
				2B6FBE05230B0D8100095E82 /* Analysis.cpp */,
				2B6FBE04230B0D8100095E82 /* Analysis.h */,
				2B09932B2309600400344A93 /* BuildEvents.cpp */,
				2B09932A2309600400344A93 /* BuildEvents.h */,
				2B09932323080F6400344A93 /* Colors.cpp */,
				2B09932423080F6400344A93 /* Colors.h */,
				2B09931423080DB300344A93 /* main.cpp */,
				2B6FBE07230B280400095E82 /* Utils.cpp */,
				2B6FBE08230B280400095E82 /* Utils.h */,
			);
			name = src;
			path = ../../src;
			sourceTree = "<group>";
		};
		2B09931A23080EF500344A93 /* external */ = {
			isa = PBXGroup;
			children = (
				2B09932D2309664800344A93 /* json.hpp */,
				2B0993262308259400344A93 /* cute_files.h */,
				2B09931C23080F0E00344A93 /* inih */,
				2B09931B23080F0900344A93 /* sokol_time.h */,
			);
			path = external;
			sourceTree = "<group>";
		};
		2B09931C23080F0E00344A93 /* inih */ = {
			isa = PBXGroup;
			children = (
				2B09932023080F2800344A93 /* INIReader.cpp */,
				2B09932123080F2800344A93 /* INIReader.h */,
				2B09931D23080F2200344A93 /* ini.c */,
				2B09931E23080F2200344A93 /* ini.h */,
			);
			path = inih;
			sourceTree = "<group>";
		};
/* End PBXGroup section */

/* Begin PBXNativeTarget section */
		2B09930823080C5700344A93 /* ClangBuildAnalyzer */ = {
			isa = PBXNativeTarget;
			buildConfigurationList = 2B09931023080C5800344A93 /* Build configuration list for PBXNativeTarget "ClangBuildAnalyzer" */;
			buildPhases = (
				2B09930523080C5700344A93 /* Sources */,
				2B09930623080C5700344A93 /* Frameworks */,
				2B09930723080C5700344A93 /* CopyFiles */,
			);
			buildRules = (
			);
			dependencies = (
			);
			name = ClangBuildAnalyzer;
			productName = ClangBuildAnalyzer;
			productReference = 2B09930923080C5700344A93 /* ClangBuildAnalyzer */;
			productType = "com.apple.product-type.tool";
		};
/* End PBXNativeTarget section */

/* Begin PBXProject section */
		2B09930123080C5700344A93 /* Project object */ = {
			isa = PBXProject;
			attributes = {
				LastUpgradeCheck = 1030;
				ORGANIZATIONNAME = aras;
				TargetAttributes = {
					2B09930823080C5700344A93 = {
						CreatedOnToolsVersion = 10.3;
					};
				};
			};
			buildConfigurationList = 2B09930423080C5700344A93 /* Build configuration list for PBXProject "ClangBuildAnalyzer" */;
			compatibilityVersion = "Xcode 9.3";
			developmentRegion = en;
			hasScannedForEncodings = 0;
			knownRegions = (
				en,
			);
			mainGroup = 2B09930023080C5700344A93;
			productRefGroup = 2B09930A23080C5700344A93 /* Products */;
			projectDirPath = "";
			projectRoot = "";
			targets = (
				2B09930823080C5700344A93 /* ClangBuildAnalyzer */,
			);
		};
/* End PBXProject section */

/* Begin PBXSourcesBuildPhase section */
		2B09930523080C5700344A93 /* Sources */ = {
			isa = PBXSourcesBuildPhase;
			buildActionMask = 2147483647;
			files = (
				2B09932C2309600400344A93 /* BuildEvents.cpp in Sources */,
				2B09931F23080F2200344A93 /* ini.c in Sources */,
				2B6FBE09230B280400095E82 /* Utils.cpp in Sources */,
				2B09932523080F6400344A93 /* Colors.cpp in Sources */,
				2B09931523080DB300344A93 /* main.cpp in Sources */,
				2B09932223080F2800344A93 /* INIReader.cpp in Sources */,
				2B6FBE06230B0D8100095E82 /* Analysis.cpp in Sources */,
			);
			runOnlyForDeploymentPostprocessing = 0;
		};
/* End PBXSourcesBuildPhase section */

/* Begin XCBuildConfiguration section */
		2B09930E23080C5800344A93 /* Debug */ = {
			isa = XCBuildConfiguration;
			buildSettings = {
				ALWAYS_SEARCH_USER_PATHS = NO;
				CLANG_ANALYZER_NONNULL = YES;
				CLANG_ANALYZER_NUMBER_OBJECT_CONVERSION = YES_AGGRESSIVE;
				CLANG_CXX_LANGUAGE_STANDARD = "gnu++14";
				CLANG_CXX_LIBRARY = "libc++";
				CLANG_ENABLE_MODULES = YES;
				CLANG_ENABLE_OBJC_ARC = YES;
				CLANG_ENABLE_OBJC_WEAK = YES;
				CLANG_WARN_BLOCK_CAPTURE_AUTORELEASING = YES;
				CLANG_WARN_BOOL_CONVERSION = YES;
				CLANG_WARN_COMMA = YES;
				CLANG_WARN_CONSTANT_CONVERSION = YES;
				CLANG_WARN_DEPRECATED_OBJC_IMPLEMENTATIONS = YES;
				CLANG_WARN_DIRECT_OBJC_ISA_USAGE = YES_ERROR;
				CLANG_WARN_DOCUMENTATION_COMMENTS = YES;
				CLANG_WARN_EMPTY_BODY = YES;
				CLANG_WARN_ENUM_CONVERSION = YES;
				CLANG_WARN_INFINITE_RECURSION = YES;
				CLANG_WARN_INT_CONVERSION = YES;
				CLANG_WARN_NON_LITERAL_NULL_CONVERSION = YES;
				CLANG_WARN_OBJC_IMPLICIT_RETAIN_SELF = YES;
				CLANG_WARN_OBJC_LITERAL_CONVERSION = YES;
				CLANG_WARN_OBJC_ROOT_CLASS = YES_ERROR;
				CLANG_WARN_RANGE_LOOP_ANALYSIS = YES;
				CLANG_WARN_STRICT_PROTOTYPES = YES;
				CLANG_WARN_SUSPICIOUS_MOVE = YES;
				CLANG_WARN_UNGUARDED_AVAILABILITY = YES_AGGRESSIVE;
				CLANG_WARN_UNREACHABLE_CODE = YES;
				CLANG_WARN__DUPLICATE_METHOD_MATCH = YES;
				CODE_SIGN_IDENTITY = "-";
				COPY_PHASE_STRIP = NO;
				DEBUG_INFORMATION_FORMAT = dwarf;
				ENABLE_STRICT_OBJC_MSGSEND = YES;
				ENABLE_TESTABILITY = YES;
				GCC_C_LANGUAGE_STANDARD = gnu11;
				GCC_DYNAMIC_NO_PIC = NO;
				GCC_NO_COMMON_BLOCKS = YES;
				GCC_OPTIMIZATION_LEVEL = 0;
				GCC_PREPROCESSOR_DEFINITIONS = (
					"DEBUG=1",
					"$(inherited)",
				);
				GCC_WARN_64_TO_32_BIT_CONVERSION = YES;
				GCC_WARN_ABOUT_RETURN_TYPE = YES_ERROR;
				GCC_WARN_UNDECLARED_SELECTOR = YES;
				GCC_WARN_UNINITIALIZED_AUTOS = YES_AGGRESSIVE;
				GCC_WARN_UNUSED_FUNCTION = YES;
				GCC_WARN_UNUSED_VARIABLE = YES;
				MACOSX_DEPLOYMENT_TARGET = 10.10;
				MTL_ENABLE_DEBUG_INFO = INCLUDE_SOURCE;
				MTL_FAST_MATH = YES;
				ONLY_ACTIVE_ARCH = YES;
				SDKROOT = macosx;
			};
			name = Debug;
		};
		2B09930F23080C5800344A93 /* Release */ = {
			isa = XCBuildConfiguration;
			buildSettings = {
				ALWAYS_SEARCH_USER_PATHS = NO;
				CLANG_ANALYZER_NONNULL = YES;
				CLANG_ANALYZER_NUMBER_OBJECT_CONVERSION = YES_AGGRESSIVE;
				CLANG_CXX_LANGUAGE_STANDARD = "gnu++14";
				CLANG_CXX_LIBRARY = "libc++";
				CLANG_ENABLE_MODULES = YES;
				CLANG_ENABLE_OBJC_ARC = YES;
				CLANG_ENABLE_OBJC_WEAK = YES;
				CLANG_WARN_BLOCK_CAPTURE_AUTORELEASING = YES;
				CLANG_WARN_BOOL_CONVERSION = YES;
				CLANG_WARN_COMMA = YES;
				CLANG_WARN_CONSTANT_CONVERSION = YES;
				CLANG_WARN_DEPRECATED_OBJC_IMPLEMENTATIONS = YES;
				CLANG_WARN_DIRECT_OBJC_ISA_USAGE = YES_ERROR;
				CLANG_WARN_DOCUMENTATION_COMMENTS = YES;
				CLANG_WARN_EMPTY_BODY = YES;
				CLANG_WARN_ENUM_CONVERSION = YES;
				CLANG_WARN_INFINITE_RECURSION = YES;
				CLANG_WARN_INT_CONVERSION = YES;
				CLANG_WARN_NON_LITERAL_NULL_CONVERSION = YES;
				CLANG_WARN_OBJC_IMPLICIT_RETAIN_SELF = YES;
				CLANG_WARN_OBJC_LITERAL_CONVERSION = YES;
				CLANG_WARN_OBJC_ROOT_CLASS = YES_ERROR;
				CLANG_WARN_RANGE_LOOP_ANALYSIS = YES;
				CLANG_WARN_STRICT_PROTOTYPES = YES;
				CLANG_WARN_SUSPICIOUS_MOVE = YES;
				CLANG_WARN_UNGUARDED_AVAILABILITY = YES_AGGRESSIVE;
				CLANG_WARN_UNREACHABLE_CODE = YES;
				CLANG_WARN__DUPLICATE_METHOD_MATCH = YES;
				CODE_SIGN_IDENTITY = "-";
				COPY_PHASE_STRIP = NO;
				DEBUG_INFORMATION_FORMAT = "dwarf-with-dsym";
				ENABLE_NS_ASSERTIONS = NO;
				ENABLE_STRICT_OBJC_MSGSEND = YES;
				GCC_C_LANGUAGE_STANDARD = gnu11;
				GCC_NO_COMMON_BLOCKS = YES;
				GCC_WARN_64_TO_32_BIT_CONVERSION = YES;
				GCC_WARN_ABOUT_RETURN_TYPE = YES_ERROR;
				GCC_WARN_UNDECLARED_SELECTOR = YES;
				GCC_WARN_UNINITIALIZED_AUTOS = YES_AGGRESSIVE;
				GCC_WARN_UNUSED_FUNCTION = YES;
				GCC_WARN_UNUSED_VARIABLE = YES;
				MACOSX_DEPLOYMENT_TARGET = 10.10;
				MTL_ENABLE_DEBUG_INFO = NO;
				MTL_FAST_MATH = YES;
				SDKROOT = macosx;
			};
			name = Release;
		};
		2B09931123080C5800344A93 /* Debug */ = {
			isa = XCBuildConfiguration;
			buildSettings = {
				CODE_SIGN_STYLE = Automatic;
				PRODUCT_NAME = "$(TARGET_NAME)";
			};
			name = Debug;
		};
		2B09931223080C5800344A93 /* Release */ = {
			isa = XCBuildConfiguration;
			buildSettings = {
				CODE_SIGN_STYLE = Automatic;
				PRODUCT_NAME = "$(TARGET_NAME)";
			};
			name = Release;
		};
/* End XCBuildConfiguration section */

/* Begin XCConfigurationList section */
		2B09930423080C5700344A93 /* Build configuration list for PBXProject "ClangBuildAnalyzer" */ = {
			isa = XCConfigurationList;
			buildConfigurations = (
				2B09930E23080C5800344A93 /* Debug */,
				2B09930F23080C5800344A93 /* Release */,
			);
			defaultConfigurationIsVisible = 0;
			defaultConfigurationName = Release;
		};
		2B09931023080C5800344A93 /* Build configuration list for PBXNativeTarget "ClangBuildAnalyzer" */ = {
			isa = XCConfigurationList;
			buildConfigurations = (
				2B09931123080C5800344A93 /* Debug */,
				2B09931223080C5800344A93 /* Release */,
			);
			defaultConfigurationIsVisible = 0;
			defaultConfigurationName = Release;
		};
/* End XCConfigurationList section */
	};
	rootObject = 2B09930123080C5700344A93 /* Project object */;
}
